
Microsoft Visual Studio Solution File, Format Version 12.00
# Visual Studio Version 16
VisualStudioVersion = 16.0.31205.134
MinimumVisualStudioVersion = 10.0.40219.1
Project("{FAE04EC0-301F-11D3-BF4B-00C04F79EFBC}") = "Lab5 Zav3", "Lab5 Zav3\Lab5 Zav3.csproj", "{5A6D32B0-C46A-4014-803B-80D9B16B7DB5}"
EndProject
Global
	GlobalSection(SolutionConfigurationPlatforms) = preSolution
		Debug|Any CPU = Debug|Any CPU
		Release|Any CPU = Release|Any CPU
	EndGlobalSection
	GlobalSection(ProjectConfigurationPlatforms) = postSolution
		{5A6D32B0-C46A-4014-803B-80D9B16B7DB5}.Debug|Any CPU.ActiveCfg = Debug|Any CPU
		{5A6D32B0-C46A-4014-803B-80D9B16B7DB5}.Debug|Any CPU.Build.0 = Debug|Any CPU
		{5A6D32B0-C46A-4014-803B-80D9B16B7DB5}.Release|Any CPU.ActiveCfg = Release|Any CPU
		{5A6D32B0-C46A-4014-803B-80D9B16B7DB5}.Release|Any CPU.Build.0 = Release|Any CPU
	EndGlobalSection
	GlobalSection(SolutionProperties) = preSolution
		HideSolutionNode = FALSE
	EndGlobalSection
	GlobalSection(ExtensibilityGlobals) = postSolution
		SolutionGuid = {D9B0FCAD-9C1E-4FA0-8FD7-B8497BB98EEF}
	EndGlobalSection
EndGlobal
